// !$*UTF8*$!
{
	archiveVersion = 1;
	classes = {
	};
	objectVersion = 50;
	objects = {

/* Begin PBXBuildFile section */
		3D08DDCF226C8E39009A8749 /* Alarm.swift in Sources */ = {isa = PBXBuildFile; fileRef = 3D08DDCE226C8E39009A8749 /* Alarm.swift */; };
		3D08DDD1226C9163009A8749 /* AlarmStatus.swift in Sources */ = {isa = PBXBuildFile; fileRef = 3D08DDD0226C9163009A8749 /* AlarmStatus.swift */; };
		3D08DDD5226C97D6009A8749 /* AlarmsStorage.swift in Sources */ = {isa = PBXBuildFile; fileRef = 3D08DDD4226C97D6009A8749 /* AlarmsStorage.swift */; };
		3D56E06E22353F45009DE156 /* PropertiesTableViewModel.swift in Sources */ = {isa = PBXBuildFile; fileRef = 3D56E06D22353F45009DE156 /* PropertiesTableViewModel.swift */; };
		3D5A7182221977FA008EEC73 /* AppDelegate.swift in Sources */ = {isa = PBXBuildFile; fileRef = 3D5A7181221977FA008EEC73 /* AppDelegate.swift */; };
		3D5A7184221977FA008EEC73 /* ViewController.swift in Sources */ = {isa = PBXBuildFile; fileRef = 3D5A7183221977FA008EEC73 /* ViewController.swift */; };
		3D5A7187221977FA008EEC73 /* Main.storyboard in Resources */ = {isa = PBXBuildFile; fileRef = 3D5A7185221977FA008EEC73 /* Main.storyboard */; };
		3D5A7189221977FB008EEC73 /* Assets.xcassets in Resources */ = {isa = PBXBuildFile; fileRef = 3D5A7188221977FB008EEC73 /* Assets.xcassets */; };
		3D5A718C221977FB008EEC73 /* LaunchScreen.storyboard in Resources */ = {isa = PBXBuildFile; fileRef = 3D5A718A221977FB008EEC73 /* LaunchScreen.storyboard */; };
		3D8D668D222C586C0002FE05 /* Notifications.swift in Sources */ = {isa = PBXBuildFile; fileRef = 3D8D668C222C586C0002FE05 /* Notifications.swift */; };
		3D98081822344BFC00D1CFDA /* AlarmsTableCell.swift in Sources */ = {isa = PBXBuildFile; fileRef = 3D98081622344BFC00D1CFDA /* AlarmsTableCell.swift */; };
		3D98081922344BFC00D1CFDA /* AlarmsTableCell.xib in Resources */ = {isa = PBXBuildFile; fileRef = 3D98081722344BFC00D1CFDA /* AlarmsTableCell.xib */; };
		3D98081C223455B700D1CFDA /* EditAlarmViewController.swift in Sources */ = {isa = PBXBuildFile; fileRef = 3D98081B223455B700D1CFDA /* EditAlarmViewController.swift */; };
		3D9808232234676600D1CFDA /* TextEditTableCell.swift in Sources */ = {isa = PBXBuildFile; fileRef = 3D9808212234676600D1CFDA /* TextEditTableCell.swift */; };
		3D9808242234676600D1CFDA /* TextEditTableCell.xib in Resources */ = {isa = PBXBuildFile; fileRef = 3D9808222234676600D1CFDA /* TextEditTableCell.xib */; };
		3DD816642235B8BD00581955 /* ClockHand.swift in Sources */ = {isa = PBXBuildFile; fileRef = 3DD816612235B8BD00581955 /* ClockHand.swift */; };
		3DD816652235B8BD00581955 /* ClockView.swift in Sources */ = {isa = PBXBuildFile; fileRef = 3DD816622235B8BD00581955 /* ClockView.swift */; };
		3DD816662235B8BD00581955 /* ClockFace.swift in Sources */ = {isa = PBXBuildFile; fileRef = 3DD816632235B8BD00581955 /* ClockFace.swift */; };
/* End PBXBuildFile section */

/* Begin PBXFileReference section */
		3D08DDCE226C8E39009A8749 /* Alarm.swift */ = {isa = PBXFileReference; lastKnownFileType = sourcecode.swift; path = Alarm.swift; sourceTree = "<group>"; };
		3D08DDD0226C9163009A8749 /* AlarmStatus.swift */ = {isa = PBXFileReference; lastKnownFileType = sourcecode.swift; path = AlarmStatus.swift; sourceTree = "<group>"; };
		3D08DDD4226C97D6009A8749 /* AlarmsStorage.swift */ = {isa = PBXFileReference; lastKnownFileType = sourcecode.swift; path = AlarmsStorage.swift; sourceTree = "<group>"; };
		3D56E06D22353F45009DE156 /* PropertiesTableViewModel.swift */ = {isa = PBXFileReference; lastKnownFileType = sourcecode.swift; path = PropertiesTableViewModel.swift; sourceTree = "<group>"; };
		3D5A717E221977FA008EEC73 /* OneMoreAlarm.app */ = {isa = PBXFileReference; explicitFileType = wrapper.application; includeInIndex = 0; path = OneMoreAlarm.app; sourceTree = BUILT_PRODUCTS_DIR; };
		3D5A7181221977FA008EEC73 /* AppDelegate.swift */ = {isa = PBXFileReference; lastKnownFileType = sourcecode.swift; path = AppDelegate.swift; sourceTree = "<group>"; };
		3D5A7183221977FA008EEC73 /* ViewController.swift */ = {isa = PBXFileReference; lastKnownFileType = sourcecode.swift; path = ViewController.swift; sourceTree = "<group>"; };
		3D5A7186221977FA008EEC73 /* Base */ = {isa = PBXFileReference; lastKnownFileType = file.storyboard; name = Base; path = Base.lproj/Main.storyboard; sourceTree = "<group>"; };
		3D5A7188221977FB008EEC73 /* Assets.xcassets */ = {isa = PBXFileReference; lastKnownFileType = folder.assetcatalog; path = Assets.xcassets; sourceTree = "<group>"; };
		3D5A718B221977FB008EEC73 /* Base */ = {isa = PBXFileReference; lastKnownFileType = file.storyboard; name = Base; path = Base.lproj/LaunchScreen.storyboard; sourceTree = "<group>"; };
		3D5A718D221977FB008EEC73 /* Info.plist */ = {isa = PBXFileReference; lastKnownFileType = text.plist.xml; path = Info.plist; sourceTree = "<group>"; };
		3D8D668C222C586C0002FE05 /* Notifications.swift */ = {isa = PBXFileReference; lastKnownFileType = sourcecode.swift; path = Notifications.swift; sourceTree = "<group>"; };
		3D98081622344BFC00D1CFDA /* AlarmsTableCell.swift */ = {isa = PBXFileReference; lastKnownFileType = sourcecode.swift; path = AlarmsTableCell.swift; sourceTree = "<group>"; };
		3D98081722344BFC00D1CFDA /* AlarmsTableCell.xib */ = {isa = PBXFileReference; lastKnownFileType = file.xib; path = AlarmsTableCell.xib; sourceTree = "<group>"; };
		3D98081B223455B700D1CFDA /* EditAlarmViewController.swift */ = {isa = PBXFileReference; lastKnownFileType = sourcecode.swift; path = EditAlarmViewController.swift; sourceTree = "<group>"; };
		3D9808212234676600D1CFDA /* TextEditTableCell.swift */ = {isa = PBXFileReference; lastKnownFileType = sourcecode.swift; path = TextEditTableCell.swift; sourceTree = "<group>"; };
		3D9808222234676600D1CFDA /* TextEditTableCell.xib */ = {isa = PBXFileReference; lastKnownFileType = file.xib; path = TextEditTableCell.xib; sourceTree = "<group>"; };
		3DD816612235B8BD00581955 /* ClockHand.swift */ = {isa = PBXFileReference; fileEncoding = 4; lastKnownFileType = sourcecode.swift; path = ClockHand.swift; sourceTree = "<group>"; };
		3DD816622235B8BD00581955 /* ClockView.swift */ = {isa = PBXFileReference; fileEncoding = 4; lastKnownFileType = sourcecode.swift; path = ClockView.swift; sourceTree = "<group>"; };
		3DD816632235B8BD00581955 /* ClockFace.swift */ = {isa = PBXFileReference; fileEncoding = 4; lastKnownFileType = sourcecode.swift; path = ClockFace.swift; sourceTree = "<group>"; };
/* End PBXFileReference section */

/* Begin PBXFrameworksBuildPhase section */
		3D5A717B221977FA008EEC73 /* Frameworks */ = {
			isa = PBXFrameworksBuildPhase;
			buildActionMask = 2147483647;
			files = (
			);
			runOnlyForDeploymentPostprocessing = 0;
		};
/* End PBXFrameworksBuildPhase section */

/* Begin PBXGroup section */
		3D08DDD3226C96F4009A8749 /* Alarm */ = {
			isa = PBXGroup;
			children = (
				3D08DDCE226C8E39009A8749 /* Alarm.swift */,
				3D08DDD0226C9163009A8749 /* AlarmStatus.swift */,
			);
			path = Alarm;
			sourceTree = "<group>";
		};
		3D464AE0223E984D004420CB /* Controllers */ = {
			isa = PBXGroup;
			children = (
				3D5A7183221977FA008EEC73 /* ViewController.swift */,
				3D98081B223455B700D1CFDA /* EditAlarmViewController.swift */,
			);
			path = Controllers;
			sourceTree = "<group>";
		};
		3D56E06C22353905009DE156 /* PropertiesTable */ = {
			isa = PBXGroup;
			children = (
				3D9808212234676600D1CFDA /* TextEditTableCell.swift */,
				3D9808222234676600D1CFDA /* TextEditTableCell.xib */,
			);
			path = PropertiesTable;
			sourceTree = "<group>";
		};
		3D5A7175221977FA008EEC73 = {
			isa = PBXGroup;
			children = (
				3D5A7180221977FA008EEC73 /* OneMoreAlarm */,
				3D5A717F221977FA008EEC73 /* Products */,
			);
			sourceTree = "<group>";
		};
		3D5A717F221977FA008EEC73 /* Products */ = {
			isa = PBXGroup;
			children = (
				3D5A717E221977FA008EEC73 /* OneMoreAlarm.app */,
			);
			name = Products;
			sourceTree = "<group>";
		};
		3D5A7180221977FA008EEC73 /* OneMoreAlarm */ = {
			isa = PBXGroup;
			children = (
				3D88BC3D2233E89300A69E4B /* Model */,
				3D98081522344BD700D1CFDA /* View */,
				3D464AE0223E984D004420CB /* Controllers */,
				3D5A7181221977FA008EEC73 /* AppDelegate.swift */,
				3D5A7185221977FA008EEC73 /* Main.storyboard */,
				3D5A7188221977FB008EEC73 /* Assets.xcassets */,
				3D5A718A221977FB008EEC73 /* LaunchScreen.storyboard */,
				3D5A718D221977FB008EEC73 /* Info.plist */,
			);
			path = OneMoreAlarm;
			sourceTree = "<group>";
		};
		3D88BC3D2233E89300A69E4B /* Model */ = {
			isa = PBXGroup;
			children = (
				3D8D668C222C586C0002FE05 /* Notifications.swift */,
				3D08DDD4226C97D6009A8749 /* AlarmsStorage.swift */,
				3D08DDD3226C96F4009A8749 /* Alarm */,
			);
			path = Model;
			sourceTree = "<group>";
		};
		3D98081522344BD700D1CFDA /* View */ = {
			isa = PBXGroup;
			children = (
				3DD816602235B8A200581955 /* Clock */,
				3D56E06D22353F45009DE156 /* PropertiesTableViewModel.swift */,
				3D98081A2234557E00D1CFDA /* AlarmsTable */,
				3D56E06C22353905009DE156 /* PropertiesTable */,
			);
			path = View;
			sourceTree = "<group>";
		};
		3D98081A2234557E00D1CFDA /* AlarmsTable */ = {
			isa = PBXGroup;
			children = (
				3D98081622344BFC00D1CFDA /* AlarmsTableCell.swift */,
				3D98081722344BFC00D1CFDA /* AlarmsTableCell.xib */,
			);
			path = AlarmsTable;
			sourceTree = "<group>";
		};
		3DD816602235B8A200581955 /* Clock */ = {
			isa = PBXGroup;
			children = (
				3DD816622235B8BD00581955 /* ClockView.swift */,
				3DD816632235B8BD00581955 /* ClockFace.swift */,
				3DD816612235B8BD00581955 /* ClockHand.swift */,
			);
			path = Clock;
			sourceTree = "<group>";
		};
/* End PBXGroup section */

/* Begin PBXNativeTarget section */
		3D5A717D221977FA008EEC73 /* OneMoreAlarm */ = {
			isa = PBXNativeTarget;
			buildConfigurationList = 3D5A7190221977FB008EEC73 /* Build configuration list for PBXNativeTarget "OneMoreAlarm" */;
			buildPhases = (
				3D5A717A221977FA008EEC73 /* Sources */,
				3D5A717B221977FA008EEC73 /* Frameworks */,
				3D5A717C221977FA008EEC73 /* Resources */,
			);
			buildRules = (
			);
			dependencies = (
			);
			name = OneMoreAlarm;
			productName = OneMoreAlarm;
			productReference = 3D5A717E221977FA008EEC73 /* OneMoreAlarm.app */;
			productType = "com.apple.product-type.application";
		};
/* End PBXNativeTarget section */

/* Begin PBXProject section */
		3D5A7176221977FA008EEC73 /* Project object */ = {
			isa = PBXProject;
			attributes = {
				LastSwiftUpdateCheck = 1010;
				LastUpgradeCheck = 1010;
				ORGANIZATIONNAME = "Vasiliy Lada";
				TargetAttributes = {
					3D5A717D221977FA008EEC73 = {
						CreatedOnToolsVersion = 10.1;
						LastSwiftMigration = 1020;
					};
				};
			};
			buildConfigurationList = 3D5A7179221977FA008EEC73 /* Build configuration list for PBXProject "OneMoreAlarm" */;
			compatibilityVersion = "Xcode 9.3";
			developmentRegion = en;
			hasScannedForEncodings = 0;
			knownRegions = (
				en,
				Base,
			);
			mainGroup = 3D5A7175221977FA008EEC73;
			productRefGroup = 3D5A717F221977FA008EEC73 /* Products */;
			projectDirPath = "";
			projectRoot = "";
			targets = (
				3D5A717D221977FA008EEC73 /* OneMoreAlarm */,
			);
		};
/* End PBXProject section */

/* Begin PBXResourcesBuildPhase section */
		3D5A717C221977FA008EEC73 /* Resources */ = {
			isa = PBXResourcesBuildPhase;
			buildActionMask = 2147483647;
			files = (
				3D9808242234676600D1CFDA /* TextEditTableCell.xib in Resources */,
				3D98081922344BFC00D1CFDA /* AlarmsTableCell.xib in Resources */,
				3D5A718C221977FB008EEC73 /* LaunchScreen.storyboard in Resources */,
				3D5A7189221977FB008EEC73 /* Assets.xcassets in Resources */,
				3D5A7187221977FA008EEC73 /* Main.storyboard in Resources */,
			);
			runOnlyForDeploymentPostprocessing = 0;
		};
/* End PBXResourcesBuildPhase section */

/* Begin PBXSourcesBuildPhase section */
		3D5A717A221977FA008EEC73 /* Sources */ = {
			isa = PBXSourcesBuildPhase;
			buildActionMask = 2147483647;
			files = (
				3D08DDD1226C9163009A8749 /* AlarmStatus.swift in Sources */,
				3D98081822344BFC00D1CFDA /* AlarmsTableCell.swift in Sources */,
				3D08DDD5226C97D6009A8749 /* AlarmsStorage.swift in Sources */,
				3DD816662235B8BD00581955 /* ClockFace.swift in Sources */,
				3D8D668D222C586C0002FE05 /* Notifications.swift in Sources */,
				3D56E06E22353F45009DE156 /* PropertiesTableViewModel.swift in Sources */,
				3D5A7184221977FA008EEC73 /* ViewController.swift in Sources */,
				3D5A7182221977FA008EEC73 /* AppDelegate.swift in Sources */,
				3D98081C223455B700D1CFDA /* EditAlarmViewController.swift in Sources */,
				3D08DDCF226C8E39009A8749 /* Alarm.swift in Sources */,
				3D9808232234676600D1CFDA /* TextEditTableCell.swift in Sources */,
				3DD816642235B8BD00581955 /* ClockHand.swift in Sources */,
				3DD816652235B8BD00581955 /* ClockView.swift in Sources */,
			);
			runOnlyForDeploymentPostprocessing = 0;
		};
/* End PBXSourcesBuildPhase section */

/* Begin PBXVariantGroup section */
		3D5A7185221977FA008EEC73 /* Main.storyboard */ = {
			isa = PBXVariantGroup;
			children = (
				3D5A7186221977FA008EEC73 /* Base */,
			);
			name = Main.storyboard;
			sourceTree = "<group>";
		};
		3D5A718A221977FB008EEC73 /* LaunchScreen.storyboard */ = {
			isa = PBXVariantGroup;
			children = (
				3D5A718B221977FB008EEC73 /* Base */,
			);
			name = LaunchScreen.storyboard;
			sourceTree = "<group>";
		};
/* End PBXVariantGroup section */

/* Begin XCBuildConfiguration section */
		3D5A718E221977FB008EEC73 /* Debug */ = {
			isa = XCBuildConfiguration;
			buildSettings = {
				ALWAYS_SEARCH_USER_PATHS = NO;
				CLANG_ANALYZER_NONNULL = YES;
				CLANG_ANALYZER_NUMBER_OBJECT_CONVERSION = YES_AGGRESSIVE;
				CLANG_CXX_LANGUAGE_STANDARD = "gnu++14";
				CLANG_CXX_LIBRARY = "libc++";
				CLANG_ENABLE_MODULES = YES;
				CLANG_ENABLE_OBJC_ARC = YES;
				CLANG_ENABLE_OBJC_WEAK = YES;
				CLANG_WARN_BLOCK_CAPTURE_AUTORELEASING = YES;
				CLANG_WARN_BOOL_CONVERSION = YES;
				CLANG_WARN_COMMA = YES;
				CLANG_WARN_CONSTANT_CONVERSION = YES;
				CLANG_WARN_DEPRECATED_OBJC_IMPLEMENTATIONS = YES;
				CLANG_WARN_DIRECT_OBJC_ISA_USAGE = YES_ERROR;
				CLANG_WARN_DOCUMENTATION_COMMENTS = YES;
				CLANG_WARN_EMPTY_BODY = YES;
				CLANG_WARN_ENUM_CONVERSION = YES;
				CLANG_WARN_INFINITE_RECURSION = YES;
				CLANG_WARN_INT_CONVERSION = YES;
				CLANG_WARN_NON_LITERAL_NULL_CONVERSION = YES;
				CLANG_WARN_OBJC_IMPLICIT_RETAIN_SELF = YES;
				CLANG_WARN_OBJC_LITERAL_CONVERSION = YES;
				CLANG_WARN_OBJC_ROOT_CLASS = YES_ERROR;
				CLANG_WARN_RANGE_LOOP_ANALYSIS = YES;
				CLANG_WARN_STRICT_PROTOTYPES = YES;
				CLANG_WARN_SUSPICIOUS_MOVE = YES;
				CLANG_WARN_UNGUARDED_AVAILABILITY = YES_AGGRESSIVE;
				CLANG_WARN_UNREACHABLE_CODE = YES;
				CLANG_WARN__DUPLICATE_METHOD_MATCH = YES;
				CODE_SIGN_IDENTITY = "iPhone Developer";
				COPY_PHASE_STRIP = NO;
				DEBUG_INFORMATION_FORMAT = dwarf;
				ENABLE_STRICT_OBJC_MSGSEND = YES;
				ENABLE_TESTABILITY = YES;
				GCC_C_LANGUAGE_STANDARD = gnu11;
				GCC_DYNAMIC_NO_PIC = NO;
				GCC_NO_COMMON_BLOCKS = YES;
				GCC_OPTIMIZATION_LEVEL = 0;
				GCC_PREPROCESSOR_DEFINITIONS = (
					"DEBUG=1",
					"$(inherited)",
				);
				GCC_WARN_64_TO_32_BIT_CONVERSION = YES;
				GCC_WARN_ABOUT_RETURN_TYPE = YES_ERROR;
				GCC_WARN_UNDECLARED_SELECTOR = YES;
				GCC_WARN_UNINITIALIZED_AUTOS = YES_AGGRESSIVE;
				GCC_WARN_UNUSED_FUNCTION = YES;
				GCC_WARN_UNUSED_VARIABLE = YES;
				IPHONEOS_DEPLOYMENT_TARGET = 12.1;
				MTL_ENABLE_DEBUG_INFO = INCLUDE_SOURCE;
				MTL_FAST_MATH = YES;
				ONLY_ACTIVE_ARCH = YES;
				SDKROOT = iphoneos;
				SWIFT_ACTIVE_COMPILATION_CONDITIONS = DEBUG;
				SWIFT_OPTIMIZATION_LEVEL = "-Onone";
			};
			name = Debug;
		};
		3D5A718F221977FB008EEC73 /* Release */ = {
			isa = XCBuildConfiguration;
			buildSettings = {
				ALWAYS_SEARCH_USER_PATHS = NO;
				CLANG_ANALYZER_NONNULL = YES;
				CLANG_ANALYZER_NUMBER_OBJECT_CONVERSION = YES_AGGRESSIVE;
				CLANG_CXX_LANGUAGE_STANDARD = "gnu++14";
				CLANG_CXX_LIBRARY = "libc++";
				CLANG_ENABLE_MODULES = YES;
				CLANG_ENABLE_OBJC_ARC = YES;
				CLANG_ENABLE_OBJC_WEAK = YES;
				CLANG_WARN_BLOCK_CAPTURE_AUTORELEASING = YES;
				CLANG_WARN_BOOL_CONVERSION = YES;
				CLANG_WARN_COMMA = YES;
				CLANG_WARN_CONSTANT_CONVERSION = YES;
				CLANG_WARN_DEPRECATED_OBJC_IMPLEMENTATIONS = YES;
				CLANG_WARN_DIRECT_OBJC_ISA_USAGE = YES_ERROR;
				CLANG_WARN_DOCUMENTATION_COMMENTS = YES;
				CLANG_WARN_EMPTY_BODY = YES;
				CLANG_WARN_ENUM_CONVERSION = YES;
				CLANG_WARN_INFINITE_RECURSION = YES;
				CLANG_WARN_INT_CONVERSION = YES;
				CLANG_WARN_NON_LITERAL_NULL_CONVERSION = YES;
				CLANG_WARN_OBJC_IMPLICIT_RETAIN_SELF = YES;
				CLANG_WARN_OBJC_LITERAL_CONVERSION = YES;
				CLANG_WARN_OBJC_ROOT_CLASS = YES_ERROR;
				CLANG_WARN_RANGE_LOOP_ANALYSIS = YES;
				CLANG_WARN_STRICT_PROTOTYPES = YES;
				CLANG_WARN_SUSPICIOUS_MOVE = YES;
				CLANG_WARN_UNGUARDED_AVAILABILITY = YES_AGGRESSIVE;
				CLANG_WARN_UNREACHABLE_CODE = YES;
				CLANG_WARN__DUPLICATE_METHOD_MATCH = YES;
				CODE_SIGN_IDENTITY = "iPhone Developer";
				COPY_PHASE_STRIP = NO;
				DEBUG_INFORMATION_FORMAT = "dwarf-with-dsym";
				ENABLE_NS_ASSERTIONS = NO;
				ENABLE_STRICT_OBJC_MSGSEND = YES;
				GCC_C_LANGUAGE_STANDARD = gnu11;
				GCC_NO_COMMON_BLOCKS = YES;
				GCC_WARN_64_TO_32_BIT_CONVERSION = YES;
				GCC_WARN_ABOUT_RETURN_TYPE = YES_ERROR;
				GCC_WARN_UNDECLARED_SELECTOR = YES;
				GCC_WARN_UNINITIALIZED_AUTOS = YES_AGGRESSIVE;
				GCC_WARN_UNUSED_FUNCTION = YES;
				GCC_WARN_UNUSED_VARIABLE = YES;
				IPHONEOS_DEPLOYMENT_TARGET = 12.1;
				MTL_ENABLE_DEBUG_INFO = NO;
				MTL_FAST_MATH = YES;
				SDKROOT = iphoneos;
				SWIFT_COMPILATION_MODE = wholemodule;
				SWIFT_OPTIMIZATION_LEVEL = "-O";
				VALIDATE_PRODUCT = YES;
			};
			name = Release;
		};
		3D5A7191221977FB008EEC73 /* Debug */ = {
			isa = XCBuildConfiguration;
			buildSettings = {
				ASSETCATALOG_COMPILER_APPICON_NAME = AppIcon;
				CODE_SIGN_STYLE = Automatic;
				DEVELOPMENT_TEAM = 5SKQ8B2GH3;
				INFOPLIST_FILE = OneMoreAlarm/Info.plist;
				LD_RUNPATH_SEARCH_PATHS = (
					"$(inherited)",
					"@executable_path/Frameworks",
				);
				PRODUCT_BUNDLE_IDENTIFIER = com.vasiliylada.OneMoreAlarm;
				PRODUCT_NAME = "$(TARGET_NAME)";
				SWIFT_VERSION = 5.0;
				TARGETED_DEVICE_FAMILY = "1,2";
			};
			name = Debug;
		};
		3D5A7192221977FB008EEC73 /* Release */ = {
			isa = XCBuildConfiguration;
			buildSettings = {
				ASSETCATALOG_COMPILER_APPICON_NAME = AppIcon;
				CODE_SIGN_STYLE = Automatic;
				DEVELOPMENT_TEAM = 5SKQ8B2GH3;
				INFOPLIST_FILE = OneMoreAlarm/Info.plist;
				LD_RUNPATH_SEARCH_PATHS = (
					"$(inherited)",
					"@executable_path/Frameworks",
				);
				PRODUCT_BUNDLE_IDENTIFIER = com.vasiliylada.OneMoreAlarm;
				PRODUCT_NAME = "$(TARGET_NAME)";
				SWIFT_VERSION = 5.0;
				TARGETED_DEVICE_FAMILY = "1,2";
			};
			name = Release;
		};
/* End XCBuildConfiguration section */

/* Begin XCConfigurationList section */
		3D5A7179221977FA008EEC73 /* Build configuration list for PBXProject "OneMoreAlarm" */ = {
			isa = XCConfigurationList;
			buildConfigurations = (
				3D5A718E221977FB008EEC73 /* Debug */,
				3D5A718F221977FB008EEC73 /* Release */,
			);
			defaultConfigurationIsVisible = 0;
			defaultConfigurationName = Release;
		};
		3D5A7190221977FB008EEC73 /* Build configuration list for PBXNativeTarget "OneMoreAlarm" */ = {
			isa = XCConfigurationList;
			buildConfigurations = (
				3D5A7191221977FB008EEC73 /* Debug */,
				3D5A7192221977FB008EEC73 /* Release */,
			);
			defaultConfigurationIsVisible = 0;
			defaultConfigurationName = Release;
		};
/* End XCConfigurationList section */
	};
	rootObject = 3D5A7176221977FA008EEC73 /* Project object */;
}
